
Microsoft Visual Studio Solution File, Format Version 12.00
# Visual Studio 2015
Project("{FAE04EC0-301F-11D3-BF4B-00C04F79EFBC}") = "baaBaaDumbSheep", "baaBaaDumbSheep.csproj", "{654E8514-D84C-0A31-1827-1BF71D4B1C8E}"
EndProject
Project("{FAE04EC0-301F-11D3-BF4B-00C04F79EFBC}") = "baaBaaDumbSheep.Editor", "baaBaaDumbSheep.Editor.csproj", "{E0AB45FF-F9FE-9C25-5AD4-85BCB1582AD4}"
EndProject
Global
	GlobalSection(SolutionConfigurationPlatforms) = preSolution
		Debug|Any CPU = Debug|Any CPU
		Release|Any CPU = Release|Any CPU
	EndGlobalSection
	GlobalSection(ProjectConfigurationPlatforms) = postSolution
		{654E8514-D84C-0A31-1827-1BF71D4B1C8E}.Debug|Any CPU.ActiveCfg = Debug|Any CPU
		{654E8514-D84C-0A31-1827-1BF71D4B1C8E}.Debug|Any CPU.Build.0 = Debug|Any CPU
		{654E8514-D84C-0A31-1827-1BF71D4B1C8E}.Release|Any CPU.ActiveCfg = Release|Any CPU
		{654E8514-D84C-0A31-1827-1BF71D4B1C8E}.Release|Any CPU.Build.0 = Release|Any CPU
		{E0AB45FF-F9FE-9C25-5AD4-85BCB1582AD4}.Debug|Any CPU.ActiveCfg = Debug|Any CPU
		{E0AB45FF-F9FE-9C25-5AD4-85BCB1582AD4}.Debug|Any CPU.Build.0 = Debug|Any CPU
		{E0AB45FF-F9FE-9C25-5AD4-85BCB1582AD4}.Release|Any CPU.ActiveCfg = Release|Any CPU
		{E0AB45FF-F9FE-9C25-5AD4-85BCB1582AD4}.Release|Any CPU.Build.0 = Release|Any CPU
	EndGlobalSection
	GlobalSection(SolutionProperties) = preSolution
		HideSolutionNode = FALSE
	EndGlobalSection
EndGlobal
